// !$*UTF8*$!
{
	archiveVersion = 1;
	classes = {
	};
	objectVersion = 56;
	objects = {

/* Begin PBXBuildFile section */
		1A0130402AE97D24002F75AF /* GoogleService-Info.plist in Resources */ = {isa = PBXBuildFile; fileRef = 1A01303F2AE97D24002F75AF /* GoogleService-Info.plist */; };
		1A0130422AE98331002F75AF /* AuthManager.swift in Sources */ = {isa = PBXBuildFile; fileRef = 1A0130412AE98331002F75AF /* AuthManager.swift */; };
		1A2236EC2AE937D900D6BA4A /* RegisterValidation.swift in Sources */ = {isa = PBXBuildFile; fileRef = 1A2236EB2AE937D900D6BA4A /* RegisterValidation.swift */; };
		1A2236EE2AE937FF00D6BA4A /* RegisterRequest.swift in Sources */ = {isa = PBXBuildFile; fileRef = 1A2236ED2AE937FF00D6BA4A /* RegisterRequest.swift */; };
		1A2236F12AE96CB900D6BA4A /* RegisterViewControllerExtension.swift in Sources */ = {isa = PBXBuildFile; fileRef = 1A2236F02AE96CB900D6BA4A /* RegisterViewControllerExtension.swift */; };
		1A2E26FC2AFF724900A8723E /* MediaItem.swift in Sources */ = {isa = PBXBuildFile; fileRef = 1A2E26FB2AFF724900A8723E /* MediaItem.swift */; };
		1A2F59202AEFB2DF006B3418 /* DatabaseManager.swift in Sources */ = {isa = PBXBuildFile; fileRef = 1A2F591F2AEFB2DF006B3418 /* DatabaseManager.swift */; };
		1A43D9822AF3A9C8002D2C7A /* StorageManager.swift in Sources */ = {isa = PBXBuildFile; fileRef = 1A43D9812AF3A9C8002D2C7A /* StorageManager.swift */; };
		1A43D9842AF3AD11002D2C7A /* Enums.swift in Sources */ = {isa = PBXBuildFile; fileRef = 1A43D9832AF3AD11002D2C7A /* Enums.swift */; };
		1A44B0942AE7F06D0077122E /* AppDelegate.swift in Sources */ = {isa = PBXBuildFile; fileRef = 1A44B0932AE7F06D0077122E /* AppDelegate.swift */; };
		1A44B0962AE7F06D0077122E /* SceneDelegate.swift in Sources */ = {isa = PBXBuildFile; fileRef = 1A44B0952AE7F06D0077122E /* SceneDelegate.swift */; };
		1A44B0982AE7F06D0077122E /* ConversationsViewController.swift in Sources */ = {isa = PBXBuildFile; fileRef = 1A44B0972AE7F06D0077122E /* ConversationsViewController.swift */; };
		1A44B09B2AE7F06D0077122E /* Main.storyboard in Resources */ = {isa = PBXBuildFile; fileRef = 1A44B0992AE7F06D0077122E /* Main.storyboard */; };
		1A44B09E2AE7F06D0077122E /* TapChat.xcdatamodeld in Sources */ = {isa = PBXBuildFile; fileRef = 1A44B09C2AE7F06D0077122E /* TapChat.xcdatamodeld */; };
		1A44B0A02AE7F06E0077122E /* Assets.xcassets in Resources */ = {isa = PBXBuildFile; fileRef = 1A44B09F2AE7F06E0077122E /* Assets.xcassets */; };
		1A44B0A32AE7F06E0077122E /* LaunchScreen.storyboard in Resources */ = {isa = PBXBuildFile; fileRef = 1A44B0A12AE7F06E0077122E /* LaunchScreen.storyboard */; };
		1A44B0B42AE7F8C80077122E /* LoginViewController.swift in Sources */ = {isa = PBXBuildFile; fileRef = 1A44B0B32AE7F8C80077122E /* LoginViewController.swift */; };
		1A44B0B62AE7F8D40077122E /* RegisterViewController.swift in Sources */ = {isa = PBXBuildFile; fileRef = 1A44B0B52AE7F8D40077122E /* RegisterViewController.swift */; };
		1A44B0B82AE7F8E50077122E /* PhotoViewerViewController.swift in Sources */ = {isa = PBXBuildFile; fileRef = 1A44B0B72AE7F8E50077122E /* PhotoViewerViewController.swift */; };
		1A44B0BA2AE7F8FE0077122E /* VideoPlayerViewController.swift in Sources */ = {isa = PBXBuildFile; fileRef = 1A44B0B92AE7F8FE0077122E /* VideoPlayerViewController.swift */; };
		1A44B0BC2AE7F90C0077122E /* NewConversationsViewController.swift in Sources */ = {isa = PBXBuildFile; fileRef = 1A44B0BB2AE7F90C0077122E /* NewConversationsViewController.swift */; };
		1A44B0BE2AE7F9220077122E /* ProfileViewController.swift in Sources */ = {isa = PBXBuildFile; fileRef = 1A44B0BD2AE7F9220077122E /* ProfileViewController.swift */; };
		1A44B0C12AE810680077122E /* UIViewExtensions.swift in Sources */ = {isa = PBXBuildFile; fileRef = 1A44B0C02AE810680077122E /* UIViewExtensions.swift */; };
		1A93DD7E2AE90BBE00359FB1 /* LoginRequest.swift in Sources */ = {isa = PBXBuildFile; fileRef = 1A93DD7D2AE90BBE00359FB1 /* LoginRequest.swift */; };
		1A93DD802AE90C1600359FB1 /* ValidationResult.swift in Sources */ = {isa = PBXBuildFile; fileRef = 1A93DD7F2AE90C1600359FB1 /* ValidationResult.swift */; };
		1A93DD832AE90C6300359FB1 /* LoginValidation.swift in Sources */ = {isa = PBXBuildFile; fileRef = 1A93DD822AE90C6300359FB1 /* LoginValidation.swift */; };
		1A93DD862AE90CF700359FB1 /* StringExtensions.swift in Sources */ = {isa = PBXBuildFile; fileRef = 1A93DD852AE90CF700359FB1 /* StringExtensions.swift */; };
		1A93DD882AE90FF700359FB1 /* ViewControllerExtension.swift in Sources */ = {isa = PBXBuildFile; fileRef = 1A93DD872AE90FF700359FB1 /* ViewControllerExtension.swift */; };
		1AA8B0052B01179A0095479F /* NewConversationTableViewCell.swift in Sources */ = {isa = PBXBuildFile; fileRef = 1AA8B0032B01179A0095479F /* NewConversationTableViewCell.swift */; };
		1AA8B0062B01179A0095479F /* NewConversationTableViewCell.xib in Resources */ = {isa = PBXBuildFile; fileRef = 1AA8B0042B01179A0095479F /* NewConversationTableViewCell.xib */; };
		1AA8B0082B0119170095479F /* SearchResult.swift in Sources */ = {isa = PBXBuildFile; fileRef = 1AA8B0072B0119170095479F /* SearchResult.swift */; };
		1AE2581D2AF295DF00404ACF /* JGProgressHUD in Frameworks */ = {isa = PBXBuildFile; productRef = 1AE2581C2AF295DF00404ACF /* JGProgressHUD */; };
		1AE2581F2AF29FDF00404ACF /* ChatViewController.swift in Sources */ = {isa = PBXBuildFile; fileRef = 1AE2581E2AF29FDF00404ACF /* ChatViewController.swift */; };
		1AE258212AF2C9DB00404ACF /* Message.swift in Sources */ = {isa = PBXBuildFile; fileRef = 1AE258202AF2C9DB00404ACF /* Message.swift */; };
		1AE258232AF2CA1D00404ACF /* Sender.swift in Sources */ = {isa = PBXBuildFile; fileRef = 1AE258222AF2CA1D00404ACF /* Sender.swift */; };
		1AE258252AF2D0B100404ACF /* NewConversations.storyboard in Resources */ = {isa = PBXBuildFile; fileRef = 1AE258242AF2D0B100404ACF /* NewConversations.storyboard */; };
		1AE258282AF2D2B800404ACF /* Constants.swift in Sources */ = {isa = PBXBuildFile; fileRef = 1AE258272AF2D2B800404ACF /* Constants.swift */; };
		1AF8F7922AFB66CF00970FCA /* GlobalFunctions.swift in Sources */ = {isa = PBXBuildFile; fileRef = 1AF8F7912AFB66CF00970FCA /* GlobalFunctions.swift */; };
		1AF8F7942AFB6B6D00970FCA /* ChatResource.swift in Sources */ = {isa = PBXBuildFile; fileRef = 1AF8F7932AFB6B6D00970FCA /* ChatResource.swift */; };
		1AF8F7982AFBC2F100970FCA /* MessageExtensions.swift in Sources */ = {isa = PBXBuildFile; fileRef = 1AF8F7972AFBC2F100970FCA /* MessageExtensions.swift */; };
		1AF8F79C2AFCBAA200970FCA /* ConversationTableViewCell.swift in Sources */ = {isa = PBXBuildFile; fileRef = 1AF8F79A2AFCBAA200970FCA /* ConversationTableViewCell.swift */; };
		1AF8F79D2AFCBAA200970FCA /* ConversationTableViewCell.xib in Resources */ = {isa = PBXBuildFile; fileRef = 1AF8F79B2AFCBAA200970FCA /* ConversationTableViewCell.xib */; };
		1AF8F79F2AFCBE8500970FCA /* Conversation.swift in Sources */ = {isa = PBXBuildFile; fileRef = 1AF8F79E2AFCBE8500970FCA /* Conversation.swift */; };
		2341E9BAB235AD437CA44D90 /* Pods_TapChat.framework in Frameworks */ = {isa = PBXBuildFile; fileRef = 7B1995C0FFBD147B013FBFFB /* Pods_TapChat.framework */; };
/* End PBXBuildFile section */

/* Begin PBXFileReference section */
		1A01303F2AE97D24002F75AF /* GoogleService-Info.plist */ = {isa = PBXFileReference; fileEncoding = 4; lastKnownFileType = text.plist.xml; path = "GoogleService-Info.plist"; sourceTree = "<group>"; };
		1A0130412AE98331002F75AF /* AuthManager.swift */ = {isa = PBXFileReference; lastKnownFileType = sourcecode.swift; path = AuthManager.swift; sourceTree = "<group>"; };
		1A2236EB2AE937D900D6BA4A /* RegisterValidation.swift */ = {isa = PBXFileReference; lastKnownFileType = sourcecode.swift; path = RegisterValidation.swift; sourceTree = "<group>"; };
		1A2236ED2AE937FF00D6BA4A /* RegisterRequest.swift */ = {isa = PBXFileReference; lastKnownFileType = sourcecode.swift; path = RegisterRequest.swift; sourceTree = "<group>"; };
		1A2236F02AE96CB900D6BA4A /* RegisterViewControllerExtension.swift */ = {isa = PBXFileReference; lastKnownFileType = sourcecode.swift; path = RegisterViewControllerExtension.swift; sourceTree = "<group>"; };
		1A2E26FB2AFF724900A8723E /* MediaItem.swift */ = {isa = PBXFileReference; lastKnownFileType = sourcecode.swift; path = MediaItem.swift; sourceTree = "<group>"; };
		1A2F591F2AEFB2DF006B3418 /* DatabaseManager.swift */ = {isa = PBXFileReference; lastKnownFileType = sourcecode.swift; path = DatabaseManager.swift; sourceTree = "<group>"; };
		1A43D9812AF3A9C8002D2C7A /* StorageManager.swift */ = {isa = PBXFileReference; lastKnownFileType = sourcecode.swift; path = StorageManager.swift; sourceTree = "<group>"; };
		1A43D9832AF3AD11002D2C7A /* Enums.swift */ = {isa = PBXFileReference; lastKnownFileType = sourcecode.swift; path = Enums.swift; sourceTree = "<group>"; };
		1A44B0902AE7F06D0077122E /* TapChat.app */ = {isa = PBXFileReference; explicitFileType = wrapper.application; includeInIndex = 0; path = TapChat.app; sourceTree = BUILT_PRODUCTS_DIR; };
		1A44B0932AE7F06D0077122E /* AppDelegate.swift */ = {isa = PBXFileReference; lastKnownFileType = sourcecode.swift; path = AppDelegate.swift; sourceTree = "<group>"; };
		1A44B0952AE7F06D0077122E /* SceneDelegate.swift */ = {isa = PBXFileReference; lastKnownFileType = sourcecode.swift; path = SceneDelegate.swift; sourceTree = "<group>"; };
		1A44B0972AE7F06D0077122E /* ConversationsViewController.swift */ = {isa = PBXFileReference; lastKnownFileType = sourcecode.swift; path = ConversationsViewController.swift; sourceTree = "<group>"; };
		1A44B09A2AE7F06D0077122E /* Base */ = {isa = PBXFileReference; lastKnownFileType = file.storyboard; name = Base; path = Base.lproj/Main.storyboard; sourceTree = "<group>"; };
		1A44B09D2AE7F06D0077122E /* TapChat.xcdatamodel */ = {isa = PBXFileReference; lastKnownFileType = wrapper.xcdatamodel; path = TapChat.xcdatamodel; sourceTree = "<group>"; };
		1A44B09F2AE7F06E0077122E /* Assets.xcassets */ = {isa = PBXFileReference; lastKnownFileType = folder.assetcatalog; path = Assets.xcassets; sourceTree = "<group>"; };
		1A44B0A22AE7F06E0077122E /* Base */ = {isa = PBXFileReference; lastKnownFileType = file.storyboard; name = Base; path = Base.lproj/LaunchScreen.storyboard; sourceTree = "<group>"; };
		1A44B0A42AE7F06E0077122E /* Info.plist */ = {isa = PBXFileReference; lastKnownFileType = text.plist.xml; path = Info.plist; sourceTree = "<group>"; };
		1A44B0B32AE7F8C80077122E /* LoginViewController.swift */ = {isa = PBXFileReference; lastKnownFileType = sourcecode.swift; path = LoginViewController.swift; sourceTree = "<group>"; };
		1A44B0B52AE7F8D40077122E /* RegisterViewController.swift */ = {isa = PBXFileReference; lastKnownFileType = sourcecode.swift; path = RegisterViewController.swift; sourceTree = "<group>"; };
		1A44B0B72AE7F8E50077122E /* PhotoViewerViewController.swift */ = {isa = PBXFileReference; lastKnownFileType = sourcecode.swift; path = PhotoViewerViewController.swift; sourceTree = "<group>"; };
		1A44B0B92AE7F8FE0077122E /* VideoPlayerViewController.swift */ = {isa = PBXFileReference; lastKnownFileType = sourcecode.swift; path = VideoPlayerViewController.swift; sourceTree = "<group>"; };
		1A44B0BB2AE7F90C0077122E /* NewConversationsViewController.swift */ = {isa = PBXFileReference; lastKnownFileType = sourcecode.swift; path = NewConversationsViewController.swift; sourceTree = "<group>"; };
		1A44B0BD2AE7F9220077122E /* ProfileViewController.swift */ = {isa = PBXFileReference; lastKnownFileType = sourcecode.swift; path = ProfileViewController.swift; sourceTree = "<group>"; };
		1A44B0C02AE810680077122E /* UIViewExtensions.swift */ = {isa = PBXFileReference; lastKnownFileType = sourcecode.swift; path = UIViewExtensions.swift; sourceTree = "<group>"; };
		1A93DD7D2AE90BBE00359FB1 /* LoginRequest.swift */ = {isa = PBXFileReference; lastKnownFileType = sourcecode.swift; path = LoginRequest.swift; sourceTree = "<group>"; };
		1A93DD7F2AE90C1600359FB1 /* ValidationResult.swift */ = {isa = PBXFileReference; lastKnownFileType = sourcecode.swift; path = ValidationResult.swift; sourceTree = "<group>"; };
		1A93DD822AE90C6300359FB1 /* LoginValidation.swift */ = {isa = PBXFileReference; lastKnownFileType = sourcecode.swift; path = LoginValidation.swift; sourceTree = "<group>"; };
		1A93DD852AE90CF700359FB1 /* StringExtensions.swift */ = {isa = PBXFileReference; lastKnownFileType = sourcecode.swift; path = StringExtensions.swift; sourceTree = "<group>"; };
		1A93DD872AE90FF700359FB1 /* ViewControllerExtension.swift */ = {isa = PBXFileReference; lastKnownFileType = sourcecode.swift; path = ViewControllerExtension.swift; sourceTree = "<group>"; };
		1AA8B0032B01179A0095479F /* NewConversationTableViewCell.swift */ = {isa = PBXFileReference; lastKnownFileType = sourcecode.swift; path = NewConversationTableViewCell.swift; sourceTree = "<group>"; };
		1AA8B0042B01179A0095479F /* NewConversationTableViewCell.xib */ = {isa = PBXFileReference; lastKnownFileType = file.xib; path = NewConversationTableViewCell.xib; sourceTree = "<group>"; };
		1AA8B0072B0119170095479F /* SearchResult.swift */ = {isa = PBXFileReference; lastKnownFileType = sourcecode.swift; path = SearchResult.swift; sourceTree = "<group>"; };
		1AE2581E2AF29FDF00404ACF /* ChatViewController.swift */ = {isa = PBXFileReference; lastKnownFileType = sourcecode.swift; path = ChatViewController.swift; sourceTree = "<group>"; };
		1AE258202AF2C9DB00404ACF /* Message.swift */ = {isa = PBXFileReference; lastKnownFileType = sourcecode.swift; path = Message.swift; sourceTree = "<group>"; };
		1AE258222AF2CA1D00404ACF /* Sender.swift */ = {isa = PBXFileReference; lastKnownFileType = sourcecode.swift; path = Sender.swift; sourceTree = "<group>"; };
		1AE258242AF2D0B100404ACF /* NewConversations.storyboard */ = {isa = PBXFileReference; lastKnownFileType = file.storyboard; path = NewConversations.storyboard; sourceTree = "<group>"; };
		1AE258272AF2D2B800404ACF /* Constants.swift */ = {isa = PBXFileReference; lastKnownFileType = sourcecode.swift; path = Constants.swift; sourceTree = "<group>"; };
		1AF8F7912AFB66CF00970FCA /* GlobalFunctions.swift */ = {isa = PBXFileReference; lastKnownFileType = sourcecode.swift; path = GlobalFunctions.swift; sourceTree = "<group>"; };
		1AF8F7932AFB6B6D00970FCA /* ChatResource.swift */ = {isa = PBXFileReference; lastKnownFileType = sourcecode.swift; path = ChatResource.swift; sourceTree = "<group>"; };
		1AF8F7972AFBC2F100970FCA /* MessageExtensions.swift */ = {isa = PBXFileReference; lastKnownFileType = sourcecode.swift; path = MessageExtensions.swift; sourceTree = "<group>"; };
		1AF8F79A2AFCBAA200970FCA /* ConversationTableViewCell.swift */ = {isa = PBXFileReference; lastKnownFileType = sourcecode.swift; path = ConversationTableViewCell.swift; sourceTree = "<group>"; };
		1AF8F79B2AFCBAA200970FCA /* ConversationTableViewCell.xib */ = {isa = PBXFileReference; lastKnownFileType = file.xib; path = ConversationTableViewCell.xib; sourceTree = "<group>"; };
		1AF8F79E2AFCBE8500970FCA /* Conversation.swift */ = {isa = PBXFileReference; lastKnownFileType = sourcecode.swift; path = Conversation.swift; sourceTree = "<group>"; };
		77E775DDDAB5661FC888F72C /* Pods-TapChat.release.xcconfig */ = {isa = PBXFileReference; includeInIndex = 1; lastKnownFileType = text.xcconfig; name = "Pods-TapChat.release.xcconfig"; path = "Target Support Files/Pods-TapChat/Pods-TapChat.release.xcconfig"; sourceTree = "<group>"; };
		7B1995C0FFBD147B013FBFFB /* Pods_TapChat.framework */ = {isa = PBXFileReference; explicitFileType = wrapper.framework; includeInIndex = 0; path = Pods_TapChat.framework; sourceTree = BUILT_PRODUCTS_DIR; };
		F40B15F8F440AA0514D5F5EE /* Pods-TapChat.debug.xcconfig */ = {isa = PBXFileReference; includeInIndex = 1; lastKnownFileType = text.xcconfig; name = "Pods-TapChat.debug.xcconfig"; path = "Target Support Files/Pods-TapChat/Pods-TapChat.debug.xcconfig"; sourceTree = "<group>"; };
/* End PBXFileReference section */

/* Begin PBXFrameworksBuildPhase section */
		1A44B08D2AE7F06D0077122E /* Frameworks */ = {
			isa = PBXFrameworksBuildPhase;
			buildActionMask = 2147483647;
			files = (
				1AE2581D2AF295DF00404ACF /* JGProgressHUD in Frameworks */,
				2341E9BAB235AD437CA44D90 /* Pods_TapChat.framework in Frameworks */,
			);
			runOnlyForDeploymentPostprocessing = 0;
		};
/* End PBXFrameworksBuildPhase section */

/* Begin PBXGroup section */
		1A44B0872AE7F06D0077122E = {
			isa = PBXGroup;
			children = (
				1A44B0922AE7F06D0077122E /* TapChat */,
				1A44B0912AE7F06D0077122E /* Products */,
				D62E1256AFA0C99FA1D0CF6C /* Pods */,
				70DC659DCC0A11F3E5D0BA9D /* Frameworks */,
			);
			sourceTree = "<group>";
		};
		1A44B0912AE7F06D0077122E /* Products */ = {
			isa = PBXGroup;
			children = (
				1A44B0902AE7F06D0077122E /* TapChat.app */,
			);
			name = Products;
			sourceTree = "<group>";
		};
		1A44B0922AE7F06D0077122E /* TapChat */ = {
			isa = PBXGroup;
			children = (
				1AE258262AF2D28300404ACF /* Constants */,
				1A93DD842AE90CDB00359FB1 /* Extensions */,
				1A93DD812AE90C4200359FB1 /* Validations */,
				1A44B0AA2AE7F2460077122E /* Resources */,
				1A44B0AC2AE7F2640077122E /* ViewModels */,
				1A44B0AB2AE7F2510077122E /* Models */,
				1A44B0AD2AE7F2780077122E /* Views */,
				1A44B0B02AE7F29C0077122E /* Controllers */,
				1A44B0A42AE7F06E0077122E /* Info.plist */,
				1A01303F2AE97D24002F75AF /* GoogleService-Info.plist */,
				1A44B09C2AE7F06D0077122E /* TapChat.xcdatamodeld */,
			);
			path = TapChat;
			sourceTree = "<group>";
		};
		1A44B0AA2AE7F2460077122E /* Resources */ = {
			isa = PBXGroup;
			children = (
				1A44B0932AE7F06D0077122E /* AppDelegate.swift */,
				1A44B0952AE7F06D0077122E /* SceneDelegate.swift */,
				1AF8F7912AFB66CF00970FCA /* GlobalFunctions.swift */,
				1AF8F7932AFB6B6D00970FCA /* ChatResource.swift */,
				1A0130412AE98331002F75AF /* AuthManager.swift */,
				1A2F591F2AEFB2DF006B3418 /* DatabaseManager.swift */,
				1A43D9812AF3A9C8002D2C7A /* StorageManager.swift */,
			);
			path = Resources;
			sourceTree = "<group>";
		};
		1A44B0AB2AE7F2510077122E /* Models */ = {
			isa = PBXGroup;
			children = (
				1A93DD7C2AE90BA200359FB1 /* LoginAndRegister */,
				1AE258202AF2C9DB00404ACF /* Message.swift */,
				1AE258222AF2CA1D00404ACF /* Sender.swift */,
				1AF8F79E2AFCBE8500970FCA /* Conversation.swift */,
				1A2E26FB2AFF724900A8723E /* MediaItem.swift */,
				1AA8B0072B0119170095479F /* SearchResult.swift */,
			);
			path = Models;
			sourceTree = "<group>";
		};
		1A44B0AC2AE7F2640077122E /* ViewModels */ = {
			isa = PBXGroup;
			children = (
			);
			path = ViewModels;
			sourceTree = "<group>";
		};
		1A44B0AD2AE7F2780077122E /* Views */ = {
			isa = PBXGroup;
			children = (
				1AF8F7992AFCBA7B00970FCA /* Custom Cells */,
				1A44B0B22AE7F31F0077122E /* Storyboards */,
				1A44B09F2AE7F06E0077122E /* Assets.xcassets */,
			);
			path = Views;
			sourceTree = "<group>";
		};
		1A44B0B02AE7F29C0077122E /* Controllers */ = {
			isa = PBXGroup;
			children = (
				1A44B0972AE7F06D0077122E /* ConversationsViewController.swift */,
				1AE2581E2AF29FDF00404ACF /* ChatViewController.swift */,
				1A44B0BF2AE7FED50077122E /* LoginAndRegister */,
				1A44B0BD2AE7F9220077122E /* ProfileViewController.swift */,
				1A44B0BB2AE7F90C0077122E /* NewConversationsViewController.swift */,
				1A44B0B72AE7F8E50077122E /* PhotoViewerViewController.swift */,
				1A44B0B92AE7F8FE0077122E /* VideoPlayerViewController.swift */,
			);
			path = Controllers;
			sourceTree = "<group>";
		};
		1A44B0B22AE7F31F0077122E /* Storyboards */ = {
			isa = PBXGroup;
			children = (
				1A44B0992AE7F06D0077122E /* Main.storyboard */,
				1A44B0A12AE7F06E0077122E /* LaunchScreen.storyboard */,
				1AE258242AF2D0B100404ACF /* NewConversations.storyboard */,
			);
			path = Storyboards;
			sourceTree = "<group>";
		};
		1A44B0BF2AE7FED50077122E /* LoginAndRegister */ = {
			isa = PBXGroup;
			children = (
				1A44B0B32AE7F8C80077122E /* LoginViewController.swift */,
				1A44B0B52AE7F8D40077122E /* RegisterViewController.swift */,
				1A2236F02AE96CB900D6BA4A /* RegisterViewControllerExtension.swift */,
			);
			path = LoginAndRegister;
			sourceTree = "<group>";
		};
		1A93DD7C2AE90BA200359FB1 /* LoginAndRegister */ = {
			isa = PBXGroup;
			children = (
				1A93DD7D2AE90BBE00359FB1 /* LoginRequest.swift */,
				1A2236ED2AE937FF00D6BA4A /* RegisterRequest.swift */,
				1A93DD7F2AE90C1600359FB1 /* ValidationResult.swift */,
			);
			path = LoginAndRegister;
			sourceTree = "<group>";
		};
		1A93DD812AE90C4200359FB1 /* Validations */ = {
			isa = PBXGroup;
			children = (
				1A93DD822AE90C6300359FB1 /* LoginValidation.swift */,
				1A2236EB2AE937D900D6BA4A /* RegisterValidation.swift */,
			);
			path = Validations;
			sourceTree = "<group>";
		};
		1A93DD842AE90CDB00359FB1 /* Extensions */ = {
			isa = PBXGroup;
			children = (
				1A93DD852AE90CF700359FB1 /* StringExtensions.swift */,
				1A93DD872AE90FF700359FB1 /* ViewControllerExtension.swift */,
				1A44B0C02AE810680077122E /* UIViewExtensions.swift */,
				1AF8F7972AFBC2F100970FCA /* MessageExtensions.swift */,
			);
			path = Extensions;
			sourceTree = "<group>";
		};
		1AA8B0012B01176C0095479F /* ConversationTableViewCell */ = {
			isa = PBXGroup;
			children = (
				1AF8F79B2AFCBAA200970FCA /* ConversationTableViewCell.xib */,
				1AF8F79A2AFCBAA200970FCA /* ConversationTableViewCell.swift */,
			);
			path = ConversationTableViewCell;
			sourceTree = "<group>";
		};
		1AA8B0022B0117820095479F /* NewConversationTableViewCell */ = {
			isa = PBXGroup;
			children = (
				1AA8B0032B01179A0095479F /* NewConversationTableViewCell.swift */,
				1AA8B0042B01179A0095479F /* NewConversationTableViewCell.xib */,
			);
			path = NewConversationTableViewCell;
			sourceTree = "<group>";
		};
		1AE258262AF2D28300404ACF /* Constants */ = {
			isa = PBXGroup;
			children = (
				1AE258272AF2D2B800404ACF /* Constants.swift */,
				1A43D9832AF3AD11002D2C7A /* Enums.swift */,
			);
			path = Constants;
			sourceTree = "<group>";
		};
		1AF8F7992AFCBA7B00970FCA /* Custom Cells */ = {
			isa = PBXGroup;
			children = (
				1AA8B0022B0117820095479F /* NewConversationTableViewCell */,
				1AA8B0012B01176C0095479F /* ConversationTableViewCell */,
			);
			path = "Custom Cells";
			sourceTree = "<group>";
		};
		70DC659DCC0A11F3E5D0BA9D /* Frameworks */ = {
			isa = PBXGroup;
			children = (
				7B1995C0FFBD147B013FBFFB /* Pods_TapChat.framework */,
			);
			name = Frameworks;
			sourceTree = "<group>";
		};
		D62E1256AFA0C99FA1D0CF6C /* Pods */ = {
			isa = PBXGroup;
			children = (
				F40B15F8F440AA0514D5F5EE /* Pods-TapChat.debug.xcconfig */,
				77E775DDDAB5661FC888F72C /* Pods-TapChat.release.xcconfig */,
			);
			path = Pods;
			sourceTree = "<group>";
		};
/* End PBXGroup section */

/* Begin PBXNativeTarget section */
		1A44B08F2AE7F06D0077122E /* TapChat */ = {
			isa = PBXNativeTarget;
			buildConfigurationList = 1A44B0A72AE7F06E0077122E /* Build configuration list for PBXNativeTarget "TapChat" */;
			buildPhases = (
				2E82A28C221581A310EC3F72 /* [CP] Check Pods Manifest.lock */,
				1A44B08C2AE7F06D0077122E /* Sources */,
				1A44B08D2AE7F06D0077122E /* Frameworks */,
				1A44B08E2AE7F06D0077122E /* Resources */,
				71522A6A7842EC815C2CFF70 /* [CP] Embed Pods Frameworks */,
			);
			buildRules = (
			);
			dependencies = (
			);
			name = TapChat;
			packageProductDependencies = (
				1AE2581C2AF295DF00404ACF /* JGProgressHUD */,
			);
			productName = TapChat;
			productReference = 1A44B0902AE7F06D0077122E /* TapChat.app */;
			productType = "com.apple.product-type.application";
		};
/* End PBXNativeTarget section */

/* Begin PBXProject section */
		1A44B0882AE7F06D0077122E /* Project object */ = {
			isa = PBXProject;
			attributes = {
				BuildIndependentTargetsInParallel = 1;
				LastSwiftUpdateCheck = 1500;
				LastUpgradeCheck = 1500;
				TargetAttributes = {
					1A44B08F2AE7F06D0077122E = {
						CreatedOnToolsVersion = 15.0;
					};
				};
			};
			buildConfigurationList = 1A44B08B2AE7F06D0077122E /* Build configuration list for PBXProject "TapChat" */;
			compatibilityVersion = "Xcode 14.0";
			developmentRegion = en;
			hasScannedForEncodings = 0;
			knownRegions = (
				en,
				Base,
			);
			mainGroup = 1A44B0872AE7F06D0077122E;
			packageReferences = (
				1AE2581B2AF295DF00404ACF /* XCRemoteSwiftPackageReference "JGProgressHUD" */,
			);
			productRefGroup = 1A44B0912AE7F06D0077122E /* Products */;
			projectDirPath = "";
			projectRoot = "";
			targets = (
				1A44B08F2AE7F06D0077122E /* TapChat */,
			);
		};
/* End PBXProject section */

/* Begin PBXResourcesBuildPhase section */
		1A44B08E2AE7F06D0077122E /* Resources */ = {
			isa = PBXResourcesBuildPhase;
			buildActionMask = 2147483647;
			files = (
				1AF8F79D2AFCBAA200970FCA /* ConversationTableViewCell.xib in Resources */,
				1A44B0A32AE7F06E0077122E /* LaunchScreen.storyboard in Resources */,
				1AE258252AF2D0B100404ACF /* NewConversations.storyboard in Resources */,
				1AA8B0062B01179A0095479F /* NewConversationTableViewCell.xib in Resources */,
				1A0130402AE97D24002F75AF /* GoogleService-Info.plist in Resources */,
				1A44B0A02AE7F06E0077122E /* Assets.xcassets in Resources */,
				1A44B09B2AE7F06D0077122E /* Main.storyboard in Resources */,
			);
			runOnlyForDeploymentPostprocessing = 0;
		};
/* End PBXResourcesBuildPhase section */

/* Begin PBXShellScriptBuildPhase section */
		2E82A28C221581A310EC3F72 /* [CP] Check Pods Manifest.lock */ = {
			isa = PBXShellScriptBuildPhase;
			buildActionMask = 2147483647;
			files = (
			);
			inputFileListPaths = (
			);
			inputPaths = (
				"${PODS_PODFILE_DIR_PATH}/Podfile.lock",
				"${PODS_ROOT}/Manifest.lock",
			);
			name = "[CP] Check Pods Manifest.lock";
			outputFileListPaths = (
			);
			outputPaths = (
				"$(DERIVED_FILE_DIR)/Pods-TapChat-checkManifestLockResult.txt",
			);
			runOnlyForDeploymentPostprocessing = 0;
			shellPath = /bin/sh;
			shellScript = "diff \"${PODS_PODFILE_DIR_PATH}/Podfile.lock\" \"${PODS_ROOT}/Manifest.lock\" > /dev/null\nif [ $? != 0 ] ; then\n    # print error to STDERR\n    echo \"error: The sandbox is not in sync with the Podfile.lock. Run 'pod install' or update your CocoaPods installation.\" >&2\n    exit 1\nfi\n# This output is used by Xcode 'outputs' to avoid re-running this script phase.\necho \"SUCCESS\" > \"${SCRIPT_OUTPUT_FILE_0}\"\n";
			showEnvVarsInLog = 0;
		};
		71522A6A7842EC815C2CFF70 /* [CP] Embed Pods Frameworks */ = {
			isa = PBXShellScriptBuildPhase;
			buildActionMask = 2147483647;
			files = (
			);
			inputFileListPaths = (
				"${PODS_ROOT}/Target Support Files/Pods-TapChat/Pods-TapChat-frameworks-${CONFIGURATION}-input-files.xcfilelist",
			);
			name = "[CP] Embed Pods Frameworks";
			outputFileListPaths = (
				"${PODS_ROOT}/Target Support Files/Pods-TapChat/Pods-TapChat-frameworks-${CONFIGURATION}-output-files.xcfilelist",
			);
			runOnlyForDeploymentPostprocessing = 0;
			shellPath = /bin/sh;
			shellScript = "\"${PODS_ROOT}/Target Support Files/Pods-TapChat/Pods-TapChat-frameworks.sh\"\n";
			showEnvVarsInLog = 0;
		};
/* End PBXShellScriptBuildPhase section */

/* Begin PBXSourcesBuildPhase section */
		1A44B08C2AE7F06D0077122E /* Sources */ = {
			isa = PBXSourcesBuildPhase;
			buildActionMask = 2147483647;
			files = (
				1AE258282AF2D2B800404ACF /* Constants.swift in Sources */,
				1A44B0BC2AE7F90C0077122E /* NewConversationsViewController.swift in Sources */,
				1AF8F7922AFB66CF00970FCA /* GlobalFunctions.swift in Sources */,
				1A93DD802AE90C1600359FB1 /* ValidationResult.swift in Sources */,
				1AE2581F2AF29FDF00404ACF /* ChatViewController.swift in Sources */,
				1AF8F7942AFB6B6D00970FCA /* ChatResource.swift in Sources */,
				1A2236EE2AE937FF00D6BA4A /* RegisterRequest.swift in Sources */,
				1A44B0982AE7F06D0077122E /* ConversationsViewController.swift in Sources */,
				1AF8F79F2AFCBE8500970FCA /* Conversation.swift in Sources */,
				1A44B0BE2AE7F9220077122E /* ProfileViewController.swift in Sources */,
				1A93DD882AE90FF700359FB1 /* ViewControllerExtension.swift in Sources */,
				1A2236F12AE96CB900D6BA4A /* RegisterViewControllerExtension.swift in Sources */,
				1A93DD7E2AE90BBE00359FB1 /* LoginRequest.swift in Sources */,
				1A44B09E2AE7F06D0077122E /* TapChat.xcdatamodeld in Sources */,
				1A0130422AE98331002F75AF /* AuthManager.swift in Sources */,
				1A44B0942AE7F06D0077122E /* AppDelegate.swift in Sources */,
				1AF8F79C2AFCBAA200970FCA /* ConversationTableViewCell.swift in Sources */,
				1AF8F7982AFBC2F100970FCA /* MessageExtensions.swift in Sources */,
				1A44B0B82AE7F8E50077122E /* PhotoViewerViewController.swift in Sources */,
				1A44B0B62AE7F8D40077122E /* RegisterViewController.swift in Sources */,
				1A44B0BA2AE7F8FE0077122E /* VideoPlayerViewController.swift in Sources */,
				1A43D9842AF3AD11002D2C7A /* Enums.swift in Sources */,
				1AA8B0082B0119170095479F /* SearchResult.swift in Sources */,
				1A93DD832AE90C6300359FB1 /* LoginValidation.swift in Sources */,
				1AE258232AF2CA1D00404ACF /* Sender.swift in Sources */,
				1A44B0B42AE7F8C80077122E /* LoginViewController.swift in Sources */,
				1AE258212AF2C9DB00404ACF /* Message.swift in Sources */,
				1A93DD862AE90CF700359FB1 /* StringExtensions.swift in Sources */,
				1A44B0C12AE810680077122E /* UIViewExtensions.swift in Sources */,
				1A2236EC2AE937D900D6BA4A /* RegisterValidation.swift in Sources */,
				1A44B0962AE7F06D0077122E /* SceneDelegate.swift in Sources */,
				1A2F59202AEFB2DF006B3418 /* DatabaseManager.swift in Sources */,
				1A43D9822AF3A9C8002D2C7A /* StorageManager.swift in Sources */,
				1A2E26FC2AFF724900A8723E /* MediaItem.swift in Sources */,
				1AA8B0052B01179A0095479F /* NewConversationTableViewCell.swift in Sources */,
			);
			runOnlyForDeploymentPostprocessing = 0;
		};
/* End PBXSourcesBuildPhase section */

/* Begin PBXVariantGroup section */
		1A44B0992AE7F06D0077122E /* Main.storyboard */ = {
			isa = PBXVariantGroup;
			children = (
				1A44B09A2AE7F06D0077122E /* Base */,
			);
			name = Main.storyboard;
			sourceTree = "<group>";
		};
		1A44B0A12AE7F06E0077122E /* LaunchScreen.storyboard */ = {
			isa = PBXVariantGroup;
			children = (
				1A44B0A22AE7F06E0077122E /* Base */,
			);
			name = LaunchScreen.storyboard;
			sourceTree = "<group>";
		};
/* End PBXVariantGroup section */

/* Begin XCBuildConfiguration section */
		1A44B0A52AE7F06E0077122E /* Debug */ = {
			isa = XCBuildConfiguration;
			buildSettings = {
				ALWAYS_SEARCH_USER_PATHS = NO;
				ASSETCATALOG_COMPILER_GENERATE_SWIFT_ASSET_SYMBOL_EXTENSIONS = YES;
				CLANG_ANALYZER_NONNULL = YES;
				CLANG_ANALYZER_NUMBER_OBJECT_CONVERSION = YES_AGGRESSIVE;
				CLANG_CXX_LANGUAGE_STANDARD = "gnu++20";
				CLANG_ENABLE_MODULES = YES;
				CLANG_ENABLE_OBJC_ARC = YES;
				CLANG_ENABLE_OBJC_WEAK = YES;
				CLANG_WARN_BLOCK_CAPTURE_AUTORELEASING = YES;
				CLANG_WARN_BOOL_CONVERSION = YES;
				CLANG_WARN_COMMA = YES;
				CLANG_WARN_CONSTANT_CONVERSION = YES;
				CLANG_WARN_DEPRECATED_OBJC_IMPLEMENTATIONS = YES;
				CLANG_WARN_DIRECT_OBJC_ISA_USAGE = YES_ERROR;
				CLANG_WARN_DOCUMENTATION_COMMENTS = YES;
				CLANG_WARN_EMPTY_BODY = YES;
				CLANG_WARN_ENUM_CONVERSION = YES;
				CLANG_WARN_INFINITE_RECURSION = YES;
				CLANG_WARN_INT_CONVERSION = YES;
				CLANG_WARN_NON_LITERAL_NULL_CONVERSION = YES;
				CLANG_WARN_OBJC_IMPLICIT_RETAIN_SELF = YES;
				CLANG_WARN_OBJC_LITERAL_CONVERSION = YES;
				CLANG_WARN_OBJC_ROOT_CLASS = YES_ERROR;
				CLANG_WARN_QUOTED_INCLUDE_IN_FRAMEWORK_HEADER = YES;
				CLANG_WARN_RANGE_LOOP_ANALYSIS = YES;
				CLANG_WARN_STRICT_PROTOTYPES = YES;
				CLANG_WARN_SUSPICIOUS_MOVE = YES;
				CLANG_WARN_UNGUARDED_AVAILABILITY = YES_AGGRESSIVE;
				CLANG_WARN_UNREACHABLE_CODE = YES;
				CLANG_WARN__DUPLICATE_METHOD_MATCH = YES;
				COPY_PHASE_STRIP = NO;
				DEBUG_INFORMATION_FORMAT = dwarf;
				ENABLE_STRICT_OBJC_MSGSEND = YES;
				ENABLE_TESTABILITY = YES;
				ENABLE_USER_SCRIPT_SANDBOXING = NO;
				GCC_C_LANGUAGE_STANDARD = gnu17;
				GCC_DYNAMIC_NO_PIC = NO;
				GCC_NO_COMMON_BLOCKS = YES;
				GCC_OPTIMIZATION_LEVEL = 0;
				GCC_PREPROCESSOR_DEFINITIONS = (
					"DEBUG=1",
					"$(inherited)",
				);
				GCC_WARN_64_TO_32_BIT_CONVERSION = YES;
				GCC_WARN_ABOUT_RETURN_TYPE = YES_ERROR;
				GCC_WARN_UNDECLARED_SELECTOR = YES;
				GCC_WARN_UNINITIALIZED_AUTOS = YES_AGGRESSIVE;
				GCC_WARN_UNUSED_FUNCTION = YES;
				GCC_WARN_UNUSED_VARIABLE = YES;
				IPHONEOS_DEPLOYMENT_TARGET = 17.0;
				LOCALIZATION_PREFERS_STRING_CATALOGS = YES;
				MTL_ENABLE_DEBUG_INFO = INCLUDE_SOURCE;
				MTL_FAST_MATH = YES;
				ONLY_ACTIVE_ARCH = YES;
				SDKROOT = iphoneos;
				SWIFT_ACTIVE_COMPILATION_CONDITIONS = "DEBUG $(inherited)";
				SWIFT_OPTIMIZATION_LEVEL = "-Onone";
			};
			name = Debug;
		};
		1A44B0A62AE7F06E0077122E /* Release */ = {
			isa = XCBuildConfiguration;
			buildSettings = {
				ALWAYS_SEARCH_USER_PATHS = NO;
				ASSETCATALOG_COMPILER_GENERATE_SWIFT_ASSET_SYMBOL_EXTENSIONS = YES;
				CLANG_ANALYZER_NONNULL = YES;
				CLANG_ANALYZER_NUMBER_OBJECT_CONVERSION = YES_AGGRESSIVE;
				CLANG_CXX_LANGUAGE_STANDARD = "gnu++20";
				CLANG_ENABLE_MODULES = YES;
				CLANG_ENABLE_OBJC_ARC = YES;
				CLANG_ENABLE_OBJC_WEAK = YES;
				CLANG_WARN_BLOCK_CAPTURE_AUTORELEASING = YES;
				CLANG_WARN_BOOL_CONVERSION = YES;
				CLANG_WARN_COMMA = YES;
				CLANG_WARN_CONSTANT_CONVERSION = YES;
				CLANG_WARN_DEPRECATED_OBJC_IMPLEMENTATIONS = YES;
				CLANG_WARN_DIRECT_OBJC_ISA_USAGE = YES_ERROR;
				CLANG_WARN_DOCUMENTATION_COMMENTS = YES;
				CLANG_WARN_EMPTY_BODY = YES;
				CLANG_WARN_ENUM_CONVERSION = YES;
				CLANG_WARN_INFINITE_RECURSION = YES;
				CLANG_WARN_INT_CONVERSION = YES;
				CLANG_WARN_NON_LITERAL_NULL_CONVERSION = YES;
				CLANG_WARN_OBJC_IMPLICIT_RETAIN_SELF = YES;
				CLANG_WARN_OBJC_LITERAL_CONVERSION = YES;
				CLANG_WARN_OBJC_ROOT_CLASS = YES_ERROR;
				CLANG_WARN_QUOTED_INCLUDE_IN_FRAMEWORK_HEADER = YES;
				CLANG_WARN_RANGE_LOOP_ANALYSIS = YES;
				CLANG_WARN_STRICT_PROTOTYPES = YES;
				CLANG_WARN_SUSPICIOUS_MOVE = YES;
				CLANG_WARN_UNGUARDED_AVAILABILITY = YES_AGGRESSIVE;
				CLANG_WARN_UNREACHABLE_CODE = YES;
				CLANG_WARN__DUPLICATE_METHOD_MATCH = YES;
				COPY_PHASE_STRIP = NO;
				DEBUG_INFORMATION_FORMAT = "dwarf-with-dsym";
				ENABLE_NS_ASSERTIONS = NO;
				ENABLE_STRICT_OBJC_MSGSEND = YES;
				ENABLE_USER_SCRIPT_SANDBOXING = NO;
				GCC_C_LANGUAGE_STANDARD = gnu17;
				GCC_NO_COMMON_BLOCKS = YES;
				GCC_WARN_64_TO_32_BIT_CONVERSION = YES;
				GCC_WARN_ABOUT_RETURN_TYPE = YES_ERROR;
				GCC_WARN_UNDECLARED_SELECTOR = YES;
				GCC_WARN_UNINITIALIZED_AUTOS = YES_AGGRESSIVE;
				GCC_WARN_UNUSED_FUNCTION = YES;
				GCC_WARN_UNUSED_VARIABLE = YES;
				IPHONEOS_DEPLOYMENT_TARGET = 17.0;
				LOCALIZATION_PREFERS_STRING_CATALOGS = YES;
				MTL_ENABLE_DEBUG_INFO = NO;
				MTL_FAST_MATH = YES;
				SDKROOT = iphoneos;
				SWIFT_COMPILATION_MODE = wholemodule;
				VALIDATE_PRODUCT = YES;
			};
			name = Release;
		};
		1A44B0A82AE7F06E0077122E /* Debug */ = {
			isa = XCBuildConfiguration;
			baseConfigurationReference = F40B15F8F440AA0514D5F5EE /* Pods-TapChat.debug.xcconfig */;
			buildSettings = {
				ASSETCATALOG_COMPILER_APPICON_NAME = AppIcon;
				ASSETCATALOG_COMPILER_GLOBAL_ACCENT_COLOR_NAME = AccentColor;
				CODE_SIGN_STYLE = Automatic;
				CURRENT_PROJECT_VERSION = 1;
				DEVELOPMENT_TEAM = 3L566L7593;
				GENERATE_INFOPLIST_FILE = YES;
				INFOPLIST_FILE = TapChat/Info.plist;
				INFOPLIST_KEY_UIApplicationSupportsIndirectInputEvents = YES;
				INFOPLIST_KEY_UILaunchStoryboardName = LaunchScreen;
				INFOPLIST_KEY_UIMainStoryboardFile = Main;
				INFOPLIST_KEY_UISupportedInterfaceOrientations = UIInterfaceOrientationPortrait;
				IPHONEOS_DEPLOYMENT_TARGET = 13.0;
				LD_RUNPATH_SEARCH_PATHS = (
					"$(inherited)",
					"@executable_path/Frameworks",
				);
				MARKETING_VERSION = 1.0;
				PRODUCT_BUNDLE_IDENTIFIER = com.suhail.TapChat;
				PRODUCT_NAME = "$(TARGET_NAME)";
				SWIFT_EMIT_LOC_STRINGS = YES;
				SWIFT_VERSION = 5.0;
				TARGETED_DEVICE_FAMILY = "1,2";
			};
			name = Debug;
		};
		1A44B0A92AE7F06E0077122E /* Release */ = {
			isa = XCBuildConfiguration;
			baseConfigurationReference = 77E775DDDAB5661FC888F72C /* Pods-TapChat.release.xcconfig */;
			buildSettings = {
				ASSETCATALOG_COMPILER_APPICON_NAME = AppIcon;
				ASSETCATALOG_COMPILER_GLOBAL_ACCENT_COLOR_NAME = AccentColor;
				CODE_SIGN_STYLE = Automatic;
				CURRENT_PROJECT_VERSION = 1;
				DEVELOPMENT_TEAM = 3L566L7593;
				GENERATE_INFOPLIST_FILE = YES;
				INFOPLIST_FILE = TapChat/Info.plist;
				INFOPLIST_KEY_UIApplicationSupportsIndirectInputEvents = YES;
				INFOPLIST_KEY_UILaunchStoryboardName = LaunchScreen;
				INFOPLIST_KEY_UIMainStoryboardFile = Main;
				INFOPLIST_KEY_UISupportedInterfaceOrientations = UIInterfaceOrientationPortrait;
				IPHONEOS_DEPLOYMENT_TARGET = 13.0;
				LD_RUNPATH_SEARCH_PATHS = (
					"$(inherited)",
					"@executable_path/Frameworks",
				);
				MARKETING_VERSION = 1.0;
				PRODUCT_BUNDLE_IDENTIFIER = com.suhail.TapChat;
				PRODUCT_NAME = "$(TARGET_NAME)";
				SWIFT_EMIT_LOC_STRINGS = YES;
				SWIFT_VERSION = 5.0;
				TARGETED_DEVICE_FAMILY = "1,2";
			};
			name = Release;
		};
/* End XCBuildConfiguration section */

/* Begin XCConfigurationList section */
		1A44B08B2AE7F06D0077122E /* Build configuration list for PBXProject "TapChat" */ = {
			isa = XCConfigurationList;
			buildConfigurations = (
				1A44B0A52AE7F06E0077122E /* Debug */,
				1A44B0A62AE7F06E0077122E /* Release */,
			);
			defaultConfigurationIsVisible = 0;
			defaultConfigurationName = Release;
		};
		1A44B0A72AE7F06E0077122E /* Build configuration list for PBXNativeTarget "TapChat" */ = {
			isa = XCConfigurationList;
			buildConfigurations = (
				1A44B0A82AE7F06E0077122E /* Debug */,
				1A44B0A92AE7F06E0077122E /* Release */,
			);
			defaultConfigurationIsVisible = 0;
			defaultConfigurationName = Release;
		};
/* End XCConfigurationList section */

/* Begin XCRemoteSwiftPackageReference section */
		1AE2581B2AF295DF00404ACF /* XCRemoteSwiftPackageReference "JGProgressHUD" */ = {
			isa = XCRemoteSwiftPackageReference;
			repositoryURL = "https://github.com/JonasGessner/JGProgressHUD.git";
			requirement = {
				kind = upToNextMajorVersion;
				minimumVersion = 2.2.0;
			};
		};
/* End XCRemoteSwiftPackageReference section */

/* Begin XCSwiftPackageProductDependency section */
		1AE2581C2AF295DF00404ACF /* JGProgressHUD */ = {
			isa = XCSwiftPackageProductDependency;
			package = 1AE2581B2AF295DF00404ACF /* XCRemoteSwiftPackageReference "JGProgressHUD" */;
			productName = JGProgressHUD;
		};
/* End XCSwiftPackageProductDependency section */

/* Begin XCVersionGroup section */
		1A44B09C2AE7F06D0077122E /* TapChat.xcdatamodeld */ = {
			isa = XCVersionGroup;
			children = (
				1A44B09D2AE7F06D0077122E /* TapChat.xcdatamodel */,
			);
			currentVersion = 1A44B09D2AE7F06D0077122E /* TapChat.xcdatamodel */;
			path = TapChat.xcdatamodeld;
			sourceTree = "<group>";
			versionGroupType = wrapper.xcdatamodel;
		};
/* End XCVersionGroup section */
	};
	rootObject = 1A44B0882AE7F06D0077122E /* Project object */;
}
